
Microsoft Visual Studio Solution File, Format Version 12.00
# Visual Studio Version 17
VisualStudioVersion = 17.0.31903.59
MinimumVisualStudioVersion = 10.0.40219.1
Project("{FAE04EC0-301F-11D3-BF4B-00C04F79EFBC}") = "WMS.API", "WMS.API\WMS.API.csproj", "{D98B6B1D-4335-4CCF-AFB0-A498D0D46F9A}"
EndProject
Project("{FAE04EC0-301F-11D3-BF4B-00C04F79EFBC}") = "WMS.Domain", "WMS.Domain\WMS.Domain.csproj", "{2A1E5B32-CFC3-4F09-8A44-E7CE0EA97E05}"
EndProject
Project("{FAE04EC0-301F-11D3-BF4B-00C04F79EFBC}") = "WMS.Application", "WMS.Application\WMS.Application.csproj", "{283E31B4-2FB8-47B8-987A-7EC5BAEA34FD}"
EndProject
Project("{FAE04EC0-301F-11D3-BF4B-00C04F79EFBC}") = "WMS.Infrastructure", "WMS.Infrastructure\WMS.Infrastructure.csproj", "{36337611-043B-4C61-8903-0905B9918AA0}"
EndProject
Project("{FAE04EC0-301F-11D3-BF4B-00C04F79EFBC}") = "WMS.Shared", "WMS.Shared\WMS.Shared.csproj", "{B889C35F-1823-48C4-A2E3-357866E4A24B}"
EndProject
Project("{FAE04EC0-301F-11D3-BF4B-00C04F79EFBC}") = "WMS.UnitTests", "..\tests\WMS.UnitTests\WMS.UnitTests.csproj", "{AD4BDC3A-FC5A-4C0D-B270-FE51B4920666}"
EndProject
Project("{FAE04EC0-301F-11D3-BF4B-00C04F79EFBC}") = "WMS.IntegrationTests", "..\tests\WMS.IntegrationTests\WMS.IntegrationTests.csproj", "{DD58C90C-3EC9-4EFC-B89E-2927EC4F23D7}"
EndProject
Project("{FAE04EC0-301F-11D3-BF4B-00C04F79EFBC}") = "WMS.E2ETests", "..\tests\WMS.E2ETests\WMS.E2ETests.csproj", "{E8814A8D-CF73-44C9-B7F5-29FFB1568DBE}"
EndProject
Global
	GlobalSection(SolutionConfigurationPlatforms) = preSolution
		Debug|Any CPU = Debug|Any CPU
		Debug|x64 = Debug|x64
		Debug|x86 = Debug|x86
		Release|Any CPU = Release|Any CPU
		Release|x64 = Release|x64
		Release|x86 = Release|x86
	EndGlobalSection
	GlobalSection(ProjectConfigurationPlatforms) = postSolution
		{D98B6B1D-4335-4CCF-AFB0-A498D0D46F9A}.Debug|Any CPU.ActiveCfg = Debug|Any CPU
		{D98B6B1D-4335-4CCF-AFB0-A498D0D46F9A}.Debug|Any CPU.Build.0 = Debug|Any CPU
		{D98B6B1D-4335-4CCF-AFB0-A498D0D46F9A}.Debug|x64.ActiveCfg = Debug|Any CPU
		{D98B6B1D-4335-4CCF-AFB0-A498D0D46F9A}.Debug|x64.Build.0 = Debug|Any CPU
		{D98B6B1D-4335-4CCF-AFB0-A498D0D46F9A}.Debug|x86.ActiveCfg = Debug|Any CPU
		{D98B6B1D-4335-4CCF-AFB0-A498D0D46F9A}.Debug|x86.Build.0 = Debug|Any CPU
		{D98B6B1D-4335-4CCF-AFB0-A498D0D46F9A}.Release|Any CPU.ActiveCfg = Release|Any CPU
		{D98B6B1D-4335-4CCF-AFB0-A498D0D46F9A}.Release|Any CPU.Build.0 = Release|Any CPU
		{D98B6B1D-4335-4CCF-AFB0-A498D0D46F9A}.Release|x64.ActiveCfg = Release|Any CPU
		{D98B6B1D-4335-4CCF-AFB0-A498D0D46F9A}.Release|x64.Build.0 = Release|Any CPU
		{D98B6B1D-4335-4CCF-AFB0-A498D0D46F9A}.Release|x86.ActiveCfg = Release|Any CPU
		{D98B6B1D-4335-4CCF-AFB0-A498D0D46F9A}.Release|x86.Build.0 = Release|Any CPU
		{2A1E5B32-CFC3-4F09-8A44-E7CE0EA97E05}.Debug|Any CPU.ActiveCfg = Debug|Any CPU
		{2A1E5B32-CFC3-4F09-8A44-E7CE0EA97E05}.Debug|Any CPU.Build.0 = Debug|Any CPU
		{2A1E5B32-CFC3-4F09-8A44-E7CE0EA97E05}.Debug|x64.ActiveCfg = Debug|Any CPU
		{2A1E5B32-CFC3-4F09-8A44-E7CE0EA97E05}.Debug|x64.Build.0 = Debug|Any CPU
		{2A1E5B32-CFC3-4F09-8A44-E7CE0EA97E05}.Debug|x86.ActiveCfg = Debug|Any CPU
		{2A1E5B32-CFC3-4F09-8A44-E7CE0EA97E05}.Debug|x86.Build.0 = Debug|Any CPU
		{2A1E5B32-CFC3-4F09-8A44-E7CE0EA97E05}.Release|Any CPU.ActiveCfg = Release|Any CPU
		{2A1E5B32-CFC3-4F09-8A44-E7CE0EA97E05}.Release|Any CPU.Build.0 = Release|Any CPU
		{2A1E5B32-CFC3-4F09-8A44-E7CE0EA97E05}.Release|x64.ActiveCfg = Release|Any CPU
		{2A1E5B32-CFC3-4F09-8A44-E7CE0EA97E05}.Release|x64.Build.0 = Release|Any CPU
		{2A1E5B32-CFC3-4F09-8A44-E7CE0EA97E05}.Release|x86.ActiveCfg = Release|Any CPU
		{2A1E5B32-CFC3-4F09-8A44-E7CE0EA97E05}.Release|x86.Build.0 = Release|Any CPU
		{283E31B4-2FB8-47B8-987A-7EC5BAEA34FD}.Debug|Any CPU.ActiveCfg = Debug|Any CPU
		{283E31B4-2FB8-47B8-987A-7EC5BAEA34FD}.Debug|Any CPU.Build.0 = Debug|Any CPU
		{283E31B4-2FB8-47B8-987A-7EC5BAEA34FD}.Debug|x64.ActiveCfg = Debug|Any CPU
		{283E31B4-2FB8-47B8-987A-7EC5BAEA34FD}.Debug|x64.Build.0 = Debug|Any CPU
		{283E31B4-2FB8-47B8-987A-7EC5BAEA34FD}.Debug|x86.ActiveCfg = Debug|Any CPU
		{283E31B4-2FB8-47B8-987A-7EC5BAEA34FD}.Debug|x86.Build.0 = Debug|Any CPU
		{283E31B4-2FB8-47B8-987A-7EC5BAEA34FD}.Release|Any CPU.ActiveCfg = Release|Any CPU
		{283E31B4-2FB8-47B8-987A-7EC5BAEA34FD}.Release|Any CPU.Build.0 = Release|Any CPU
		{283E31B4-2FB8-47B8-987A-7EC5BAEA34FD}.Release|x64.ActiveCfg = Release|Any CPU
		{283E31B4-2FB8-47B8-987A-7EC5BAEA34FD}.Release|x64.Build.0 = Release|Any CPU
		{283E31B4-2FB8-47B8-987A-7EC5BAEA34FD}.Release|x86.ActiveCfg = Release|Any CPU
		{283E31B4-2FB8-47B8-987A-7EC5BAEA34FD}.Release|x86.Build.0 = Release|Any CPU
		{36337611-043B-4C61-8903-0905B9918AA0}.Debug|Any CPU.ActiveCfg = Debug|Any CPU
		{36337611-043B-4C61-8903-0905B9918AA0}.Debug|Any CPU.Build.0 = Debug|Any CPU
		{36337611-043B-4C61-8903-0905B9918AA0}.Debug|x64.ActiveCfg = Debug|Any CPU
		{36337611-043B-4C61-8903-0905B9918AA0}.Debug|x64.Build.0 = Debug|Any CPU
		{36337611-043B-4C61-8903-0905B9918AA0}.Debug|x86.ActiveCfg = Debug|Any CPU
		{36337611-043B-4C61-8903-0905B9918AA0}.Debug|x86.Build.0 = Debug|Any CPU
		{36337611-043B-4C61-8903-0905B9918AA0}.Release|Any CPU.ActiveCfg = Release|Any CPU
		{36337611-043B-4C61-8903-0905B9918AA0}.Release|Any CPU.Build.0 = Release|Any CPU
		{36337611-043B-4C61-8903-0905B9918AA0}.Release|x64.ActiveCfg = Release|Any CPU
		{36337611-043B-4C61-8903-0905B9918AA0}.Release|x64.Build.0 = Release|Any CPU
		{36337611-043B-4C61-8903-0905B9918AA0}.Release|x86.ActiveCfg = Release|Any CPU
		{36337611-043B-4C61-8903-0905B9918AA0}.Release|x86.Build.0 = Release|Any CPU
		{B889C35F-1823-48C4-A2E3-357866E4A24B}.Debug|Any CPU.ActiveCfg = Debug|Any CPU
		{B889C35F-1823-48C4-A2E3-357866E4A24B}.Debug|Any CPU.Build.0 = Debug|Any CPU
		{B889C35F-1823-48C4-A2E3-357866E4A24B}.Debug|x64.ActiveCfg = Debug|Any CPU
		{B889C35F-1823-48C4-A2E3-357866E4A24B}.Debug|x64.Build.0 = Debug|Any CPU
		{B889C35F-1823-48C4-A2E3-357866E4A24B}.Debug|x86.ActiveCfg = Debug|Any CPU
		{B889C35F-1823-48C4-A2E3-357866E4A24B}.Debug|x86.Build.0 = Debug|Any CPU
		{B889C35F-1823-48C4-A2E3-357866E4A24B}.Release|Any CPU.ActiveCfg = Release|Any CPU
		{B889C35F-1823-48C4-A2E3-357866E4A24B}.Release|Any CPU.Build.0 = Release|Any CPU
		{B889C35F-1823-48C4-A2E3-357866E4A24B}.Release|x64.ActiveCfg = Release|Any CPU
		{B889C35F-1823-48C4-A2E3-357866E4A24B}.Release|x64.Build.0 = Release|Any CPU
		{B889C35F-1823-48C4-A2E3-357866E4A24B}.Release|x86.ActiveCfg = Release|Any CPU
		{B889C35F-1823-48C4-A2E3-357866E4A24B}.Release|x86.Build.0 = Release|Any CPU
		{AD4BDC3A-FC5A-4C0D-B270-FE51B4920666}.Debug|Any CPU.ActiveCfg = Debug|Any CPU
		{AD4BDC3A-FC5A-4C0D-B270-FE51B4920666}.Debug|Any CPU.Build.0 = Debug|Any CPU
		{AD4BDC3A-FC5A-4C0D-B270-FE51B4920666}.Debug|x64.ActiveCfg = Debug|Any CPU
		{AD4BDC3A-FC5A-4C0D-B270-FE51B4920666}.Debug|x64.Build.0 = Debug|Any CPU
		{AD4BDC3A-FC5A-4C0D-B270-FE51B4920666}.Debug|x86.ActiveCfg = Debug|Any CPU
		{AD4BDC3A-FC5A-4C0D-B270-FE51B4920666}.Debug|x86.Build.0 = Debug|Any CPU
		{AD4BDC3A-FC5A-4C0D-B270-FE51B4920666}.Release|Any CPU.ActiveCfg = Release|Any CPU
		{AD4BDC3A-FC5A-4C0D-B270-FE51B4920666}.Release|Any CPU.Build.0 = Release|Any CPU
		{AD4BDC3A-FC5A-4C0D-B270-FE51B4920666}.Release|x64.ActiveCfg = Release|Any CPU
		{AD4BDC3A-FC5A-4C0D-B270-FE51B4920666}.Release|x64.Build.0 = Release|Any CPU
		{AD4BDC3A-FC5A-4C0D-B270-FE51B4920666}.Release|x86.ActiveCfg = Release|Any CPU
		{AD4BDC3A-FC5A-4C0D-B270-FE51B4920666}.Release|x86.Build.0 = Release|Any CPU
		{DD58C90C-3EC9-4EFC-B89E-2927EC4F23D7}.Debug|Any CPU.ActiveCfg = Debug|Any CPU
		{DD58C90C-3EC9-4EFC-B89E-2927EC4F23D7}.Debug|Any CPU.Build.0 = Debug|Any CPU
		{DD58C90C-3EC9-4EFC-B89E-2927EC4F23D7}.Debug|x64.ActiveCfg = Debug|Any CPU
		{DD58C90C-3EC9-4EFC-B89E-2927EC4F23D7}.Debug|x64.Build.0 = Debug|Any CPU
		{DD58C90C-3EC9-4EFC-B89E-2927EC4F23D7}.Debug|x86.ActiveCfg = Debug|Any CPU
		{DD58C90C-3EC9-4EFC-B89E-2927EC4F23D7}.Debug|x86.Build.0 = Debug|Any CPU
		{DD58C90C-3EC9-4EFC-B89E-2927EC4F23D7}.Release|Any CPU.ActiveCfg = Release|Any CPU
		{DD58C90C-3EC9-4EFC-B89E-2927EC4F23D7}.Release|Any CPU.Build.0 = Release|Any CPU
		{DD58C90C-3EC9-4EFC-B89E-2927EC4F23D7}.Release|x64.ActiveCfg = Release|Any CPU
		{DD58C90C-3EC9-4EFC-B89E-2927EC4F23D7}.Release|x64.Build.0 = Release|Any CPU
		{DD58C90C-3EC9-4EFC-B89E-2927EC4F23D7}.Release|x86.ActiveCfg = Release|Any CPU
		{DD58C90C-3EC9-4EFC-B89E-2927EC4F23D7}.Release|x86.Build.0 = Release|Any CPU
		{E8814A8D-CF73-44C9-B7F5-29FFB1568DBE}.Debug|Any CPU.ActiveCfg = Debug|Any CPU
		{E8814A8D-CF73-44C9-B7F5-29FFB1568DBE}.Debug|Any CPU.Build.0 = Debug|Any CPU
		{E8814A8D-CF73-44C9-B7F5-29FFB1568DBE}.Debug|x64.ActiveCfg = Debug|Any CPU
		{E8814A8D-CF73-44C9-B7F5-29FFB1568DBE}.Debug|x64.Build.0 = Debug|Any CPU
		{E8814A8D-CF73-44C9-B7F5-29FFB1568DBE}.Debug|x86.ActiveCfg = Debug|Any CPU
		{E8814A8D-CF73-44C9-B7F5-29FFB1568DBE}.Debug|x86.Build.0 = Debug|Any CPU
		{E8814A8D-CF73-44C9-B7F5-29FFB1568DBE}.Release|Any CPU.ActiveCfg = Release|Any CPU
		{E8814A8D-CF73-44C9-B7F5-29FFB1568DBE}.Release|Any CPU.Build.0 = Release|Any CPU
		{E8814A8D-CF73-44C9-B7F5-29FFB1568DBE}.Release|x64.ActiveCfg = Release|Any CPU
		{E8814A8D-CF73-44C9-B7F5-29FFB1568DBE}.Release|x64.Build.0 = Release|Any CPU
		{E8814A8D-CF73-44C9-B7F5-29FFB1568DBE}.Release|x86.ActiveCfg = Release|Any CPU
		{E8814A8D-CF73-44C9-B7F5-29FFB1568DBE}.Release|x86.Build.0 = Release|Any CPU
	EndGlobalSection
	GlobalSection(SolutionProperties) = preSolution
		HideSolutionNode = FALSE
	EndGlobalSection
EndGlobal
